{
  "requires": true,
  "lockfileVersion": 1,
  "dependencies": {
    "@callstack/react-theme-provider": {
      "version": "3.0.6",
      "resolved": "https://registry.npmjs.org/@callstack/react-theme-provider/-/react-theme-provider-3.0.6.tgz",
      "integrity": "sha512-wwKMXfmklfogpalNZT0W+jh76BIquiYUiQHOaPmt/PCyCEP/E6rP+e7Uie6mBZrfkea9WJYJ+mus6r+45JAEhg==",
      "requires": {
        "deepmerge": "^3.2.0",
        "hoist-non-react-statics": "^3.3.0"
      }
    },
    "@expo/websql": {
      "version": "1.0.1",
      "resolved": "https://registry.npmjs.org/@expo/websql/-/websql-1.0.1.tgz",
      "integrity": "sha1-//DPnBuqH3D54dZYt8OaQg2bEKk=",
      "requires": {
        "argsarray": "^0.0.1",
        "immediate": "^3.2.2",
        "noop-fn": "^1.0.0",
        "pouchdb-collections": "^1.0.1",
        "tiny-queue": "^0.2.1"
      }
    },
    "@react-native-community/masked-view": {
      "version": "0.1.11",
      "resolved": "https://registry.npmjs.org/@react-native-community/masked-view/-/masked-view-0.1.11.tgz",
      "integrity": "sha512-rQfMIGSR/1r/SyN87+VD8xHHzDYeHaJq6elOSCAD+0iLagXkSI2pfA0LmSXP21uw5i3em7GkkRjfJ8wpqWXZNw=="
    },
    "@react-navigation/core": {
      "version": "3.5.1",
      "resolved": "https://registry.npmjs.org/@react-navigation/core/-/core-3.5.1.tgz",
      "integrity": "sha512-q7NyhWVYOhVIWqL2GZKa6G78YarXaVTTtOlSDkvy4ZIggo40wZzamlnrJRvsaQX46gsgw45FAWb5SriHh8o7eA==",
      "requires": {
        "hoist-non-react-statics": "^3.3.0",
        "path-to-regexp": "^1.7.0",
        "query-string": "^6.4.2",
        "react-is": "^16.8.6"
      }
    },
    "@react-navigation/native": {
      "version": "3.6.2",
      "resolved": "https://registry.npmjs.org/@react-navigation/native/-/native-3.6.2.tgz",
      "integrity": "sha512-Cybeou6N82ZeRmgnGlu+wzlV3z5BZQR2dmYaNFV1TNLUGHqtvv8E7oNw9uYcz9Ox5LFbiX+FdNTn2d6ZPlK0kg==",
      "requires": {
        "hoist-non-react-statics": "^3.0.1",
        "react-native-safe-area-view": "^0.14.1",
        "react-native-screens": "^1.0.0 || ^1.0.0-alpha"
      },
      "dependencies": {
        "react-native-screens": {
          "version": "1.0.0-alpha.23",
          "resolved": "https://registry.npmjs.org/react-native-screens/-/react-native-screens-1.0.0-alpha.23.tgz",
          "integrity": "sha512-tOxHGQUN83MTmQB4ghoQkibqOdGiX4JQEmeyEv96MKWO/x8T2PJv84ECUos9hD3blPRQwVwSpAid1PPPhrVEaw==",
          "requires": {
            "debounce": "^1.2.0"
          }
        }
      }
    },
    "@types/websql": {
      "version": "0.0.27",
      "resolved": "https://registry.npmjs.org/@types/websql/-/websql-0.0.27.tgz",
      "integrity": "sha1-Yhpman8CAY58u0q6uVaiVzbCfXE="
    },
    "argsarray": {
      "version": "0.0.1",
      "resolved": "https://registry.npmjs.org/argsarray/-/argsarray-0.0.1.tgz",
      "integrity": "sha1-bnIHtOzbObCviDA/pa4ivajfYcs="
    },
    "color": {
      "version": "3.1.2",
      "resolved": "https://registry.npmjs.org/color/-/color-3.1.2.tgz",
      "integrity": "sha512-vXTJhHebByxZn3lDvDJYw4lR5+uB3vuoHsuYA5AKuxRVn5wzzIfQKGLBmgdVRHKTJYeK5rvJcHnrd0Li49CFpg==",
      "requires": {
        "color-convert": "^1.9.1",
        "color-string": "^1.5.2"
      }
    },
    "color-convert": {
      "version": "1.9.3",
      "resolved": "https://registry.npmjs.org/color-convert/-/color-convert-1.9.3.tgz",
      "integrity": "sha512-QfAUtd+vFdAtFQcC8CCyYt1fYWxSqAiK2cSD6zDB8N3cpsEBAvRxp9zOGg6G/SHHJYAT88/az/IuDGALsNVbGg==",
      "requires": {
        "color-name": "1.1.3"
      }
    },
    "color-name": {
      "version": "1.1.3",
      "resolved": "https://registry.npmjs.org/color-name/-/color-name-1.1.3.tgz",
      "integrity": "sha1-p9BVi9icQveV3UIyj3QIMcpTvCU="
    },
    "color-string": {
      "version": "1.5.3",
      "resolved": "https://registry.npmjs.org/color-string/-/color-string-1.5.3.tgz",
      "integrity": "sha512-dC2C5qeWoYkxki5UAXapdjqO672AM4vZuPGRQfO8b5HKuKGBbKWpITyDYN7TOFKvRW7kOgAn3746clDBMDJyQw==",
      "requires": {
        "color-name": "^1.0.0",
        "simple-swizzle": "^0.2.2"
      }
    },
    "debounce": {
      "version": "1.2.1",
      "resolved": "https://registry.npmjs.org/debounce/-/debounce-1.2.1.tgz",
      "integrity": "sha512-XRRe6Glud4rd/ZGQfiV1ruXSfbvfJedlV9Y6zOlP+2K04vBYiJEte6stfFkCP03aMnY5tsipamumUjL14fofug=="
    },
    "decode-uri-component": {
      "version": "0.2.0",
      "resolved": "https://registry.npmjs.org/decode-uri-component/-/decode-uri-component-0.2.0.tgz",
      "integrity": "sha1-6zkTMzRYd1y4TNGh+uBiEGu4dUU="
    },
    "deepmerge": {
      "version": "3.3.0",
      "resolved": "https://registry.npmjs.org/deepmerge/-/deepmerge-3.3.0.tgz",
      "integrity": "sha512-GRQOafGHwMHpjPx9iCvTgpu9NojZ49q794EEL94JVEw6VaeA8XTUyBKvAkOOjBX9oJNiV6G3P+T+tihFjo2TqA=="
    },
    "expo-sqlite": {
      "version": "5.0.1",
      "resolved": "https://registry.npmjs.org/expo-sqlite/-/expo-sqlite-5.0.1.tgz",
      "integrity": "sha512-NQXFcjSScpjCRAC+oKQ1Fn+RYSLkYHudaiJSG5wqN28pKqg3yLqjpPG2gDbq/PvgHYkjZXBnvrNgmddjFzDyIQ==",
      "requires": {
        "@expo/websql": "^1.0.1",
        "@types/websql": "^0.0.27",
        "lodash": "^4.17.11"
      }
    },
    "hammerjs": {
      "version": "2.0.8",
      "resolved": "https://registry.npmjs.org/hammerjs/-/hammerjs-2.0.8.tgz",
      "integrity": "sha1-BO93hiz/K7edMPdpIJWTAiK/YPE="
    },
    "hoist-non-react-statics": {
      "version": "3.3.1",
      "resolved": "https://registry.npmjs.org/hoist-non-react-statics/-/hoist-non-react-statics-3.3.1.tgz",
      "integrity": "sha512-wbg3bpgA/ZqWrZuMOeJi8+SKMhr7X9TesL/rXMjTzh0p0JUBo3II8DHboYbuIXWRlttrUFxwcu/5kygrCw8fJw==",
      "requires": {
        "react-is": "^16.7.0"
      }
    },
    "immediate": {
      "version": "3.3.0",
      "resolved": "https://registry.npmjs.org/immediate/-/immediate-3.3.0.tgz",
      "integrity": "sha512-HR7EVodfFUdQCTIeySw+WDRFJlPcLOJbXfwwZ7Oom6tjsvZ3bOkCDJHehQC3nxJrv7+f9XecwazynjU8e4Vw3Q=="
    },
    "invariant": {
      "version": "2.2.4",
      "resolved": "https://registry.npmjs.org/invariant/-/invariant-2.2.4.tgz",
      "integrity": "sha512-phJfQVBuaJM5raOpJjSfkiD6BpbCE4Ns//LaXl6wGYtUBY83nWS6Rf9tXm2e8VaK60JEjYldbPif/A2B1C2gNA==",
      "requires": {
        "loose-envify": "^1.0.0"
      }
    },
    "js-tokens": {
      "version": "4.0.0",
      "resolved": "https://registry.npmjs.org/js-tokens/-/js-tokens-4.0.0.tgz",
      "integrity": "sha512-RdJUflcE3cUzKiMqQgsCu06FPu9UdIJO0beYbPhHN4k6apgJtifcoCtT9bcxOpYBtpD2kCM6Sbzg4CausW/PKQ=="
    },
    "lodash": {
      "version": "4.17.21",
      "resolved": "https://registry.npmjs.org/lodash/-/lodash-4.17.21.tgz",
      "integrity": "sha512-v2kDEe57lecTulaDIuNTPy3Ry4gLGJ6Z1O3vE1krgXZNrsQ+LFTGHVxVjcXPs17LhbZVGedAJv8XZ1tvj5FvSg=="
    },
    "loose-envify": {
      "version": "1.4.0",
      "resolved": "https://registry.npmjs.org/loose-envify/-/loose-envify-1.4.0.tgz",
      "integrity": "sha512-lyuxPGr/Wfhrlem2CL/UcnUc1zcqKAImBDzukY7Y5F/yQiNdko6+fRLevlw1HgMySw7f611UIY408EtxRSoK3Q==",
      "requires": {
        "js-tokens": "^3.0.0 || ^4.0.0"
      }
    },
    "noop-fn": {
      "version": "1.0.0",
      "resolved": "https://registry.npmjs.org/noop-fn/-/noop-fn-1.0.0.tgz",
      "integrity": "sha1-XzPUfxPSFQ35PgywNmmemC94/78="
    },
    "object-assign": {
      "version": "4.1.1",
      "resolved": "https://registry.npmjs.org/object-assign/-/object-assign-4.1.1.tgz",
      "integrity": "sha1-IQmtx5ZYh8/AXLvUQsrIv7s2CGM="
    },
    "path-to-regexp": {
      "version": "1.8.0",
      "resolved": "https://registry.npmjs.org/path-to-regexp/-/path-to-regexp-1.8.0.tgz",
      "integrity": "sha512-n43JRhlUKUAlibEJhPeir1ncUID16QnEjNpwzNdO3Lm4ywrBpBZ5oLD0I6br9evr1Y9JTqwRtAh7JLoOzAQdVA==",
      "requires": {
        "isarray": "0.0.1"
      },
      "dependencies": {
        "isarray": {
          "version": "0.0.1",
          "resolved": "https://registry.npmjs.org/isarray/-/isarray-0.0.1.tgz",
          "integrity": "sha1-ihis/Kmo9Bd+Cav8YDiTmwXR7t8="
        }
      }
    },
    "pouchdb-collections": {
      "version": "1.0.1",
      "resolved": "https://registry.npmjs.org/pouchdb-collections/-/pouchdb-collections-1.0.1.tgz",
      "integrity": "sha1-/mOhfal3YRq+98uAJssalVP9g1k="
    },
    "prop-types": {
      "version": "15.7.2",
      "resolved": "https://registry.npmjs.org/prop-types/-/prop-types-15.7.2.tgz",
      "integrity": "sha512-8QQikdH7//R2vurIJSutZ1smHYTcLpRWEOlHnzcWHmBYrOGUysKwSsrC89BCiFj3CbrfJ/nXFdJepOVrY1GCHQ==",
      "requires": {
        "loose-envify": "^1.4.0",
        "object-assign": "^4.1.1",
        "react-is": "^16.8.1"
      }
    },
    "query-string": {
      "version": "6.9.0",
      "resolved": "https://registry.npmjs.org/query-string/-/query-string-6.9.0.tgz",
      "integrity": "sha512-KG4bhCFYapExLsUHrFt+kQVEegF2agm4cpF/VNc6pZVthIfCc/GK8t8VyNIE3nyXG9DK3Tf2EGkxjR6/uRdYsA==",
      "requires": {
        "decode-uri-component": "^0.2.0",
        "split-on-first": "^1.0.0",
        "strict-uri-encode": "^2.0.0"
      }
    },
    "react-is": {
      "version": "16.12.0",
      "resolved": "https://registry.npmjs.org/react-is/-/react-is-16.12.0.tgz",
      "integrity": "sha512-rPCkf/mWBtKc97aLL9/txD8DZdemK0vkA3JMLShjlJB3Pj3s+lpf1KaBzMfQrAmhMQB0n1cU/SUGgKKBCe837Q=="
    },
    "react-native-gesture-handler": {
      "version": "1.5.3",
      "resolved": "https://registry.npmjs.org/react-native-gesture-handler/-/react-native-gesture-handler-1.5.3.tgz",
      "integrity": "sha512-y2/jw0uHAQtEPR02PHAah6tdMymrVtZFoHqjlEWdhK807w2sgU5CySYINK/nOTczd+zB4GMX+9euA3VfbGJ5aA==",
      "requires": {
        "hammerjs": "^2.0.8",
        "hoist-non-react-statics": "^2.3.1",
        "invariant": "^2.2.4",
        "prop-types": "^15.7.2"
      },
      "dependencies": {
        "hoist-non-react-statics": {
          "version": "2.5.5",
          "resolved": "https://registry.npmjs.org/hoist-non-react-statics/-/hoist-non-react-statics-2.5.5.tgz",
          "integrity": "sha512-rqcy4pJo55FTTLWt+bU8ukscqHeE/e9KWvsOW2b/a3afxQZhwkQdT1rPPCJ0rYXdj4vNcasY8zHTH+jF/qStxw=="
        }
      }
    },
    "react-native-iphone-x-helper": {
      "version": "1.2.1",
      "resolved": "https://registry.npmjs.org/react-native-iphone-x-helper/-/react-native-iphone-x-helper-1.2.1.tgz",
      "integrity": "sha512-/VbpIEp8tSNNHIvstuA3Swx610whci1Zpc9mqNkqn14DkMbw+ORviln2u0XyHG1kPvvwTNGZY6QpeFwxYaSdbQ=="
    },
    "react-native-paper": {
      "version": "3.1.1",
      "resolved": "https://registry.npmjs.org/react-native-paper/-/react-native-paper-3.1.1.tgz",
      "integrity": "sha512-GHJ/2z/1Nzm4Y1g22Znu09BV7SV4tsR7h/9HrXuj3kFrsJo7zt5e+t/ELLLvycGEo4z1vhV6MtjtIk/PSaKoDA==",
      "requires": {
        "@callstack/react-theme-provider": "^3.0.5",
        "color": "^3.1.2",
        "react-native-safe-area-view": "^0.12.0"
      },
      "dependencies": {
        "hoist-non-react-statics": {
          "version": "2.5.5",
          "resolved": "https://registry.npmjs.org/hoist-non-react-statics/-/hoist-non-react-statics-2.5.5.tgz",
          "integrity": "sha512-rqcy4pJo55FTTLWt+bU8ukscqHeE/e9KWvsOW2b/a3afxQZhwkQdT1rPPCJ0rYXdj4vNcasY8zHTH+jF/qStxw=="
        },
        "react-native-safe-area-view": {
          "version": "0.12.0",
          "resolved": "https://registry.npmjs.org/react-native-safe-area-view/-/react-native-safe-area-view-0.12.0.tgz",
          "integrity": "sha512-UrAXmBC4KNR5K2eczIDZgqceWyKsgG9gmWFerHCvoyApfei8ceBB9u/c//PWCpS5Gt8MRLTmX5jPtzdXo2yNqg==",
          "requires": {
            "hoist-non-react-statics": "^2.3.1"
          }
        }
      }
    },
    "react-native-safe-area-context": {
      "version": "0.6.4",
      "resolved": "https://registry.npmjs.org/react-native-safe-area-context/-/react-native-safe-area-context-0.6.4.tgz",
      "integrity": "sha512-xj8Mv8ZHfc8RquBgVYt+4+nOJaexTblLsQJpyx4Dh4qFUG+3QtbNlfOF7/ITj/qY5LNdlfafKoDsVgFz0WIU1w=="
    },
    "react-native-safe-area-view": {
      "version": "0.14.8",
      "resolved": "https://registry.npmjs.org/react-native-safe-area-view/-/react-native-safe-area-view-0.14.8.tgz",
      "integrity": "sha512-MtRSIcZNstxv87Jet+UsPhEd1tpGe8cVskDXlP657x6rHpSrbrc+y13ZNXrwAgGNNhqQNX7UJT68ZIq//ZRmvw==",
      "requires": {
        "hoist-non-react-statics": "^2.3.1"
      },
      "dependencies": {
        "hoist-non-react-statics": {
          "version": "2.5.5",
          "resolved": "https://registry.npmjs.org/hoist-non-react-statics/-/hoist-non-react-statics-2.5.5.tgz",
          "integrity": "sha512-rqcy4pJo55FTTLWt+bU8ukscqHeE/e9KWvsOW2b/a3afxQZhwkQdT1rPPCJ0rYXdj4vNcasY8zHTH+jF/qStxw=="
        }
      }
    },
    "react-native-screens": {
      "version": "2.18.1",
      "resolved": "https://registry.npmjs.org/react-native-screens/-/react-native-screens-2.18.1.tgz",
      "integrity": "sha512-r5WZLpmx2hHjC1RgMdPq5YpSU9tEhBpUaZ5M1SUtNIONyiLqQVxabhRCINdebIk4depJiIl7yw2Q85zJyeX6fw=="
    },
    "react-native-sqlite-storage": {
      "version": "4.1.0",
      "resolved": "https://registry.npmjs.org/react-native-sqlite-storage/-/react-native-sqlite-storage-4.1.0.tgz",
      "integrity": "sha512-H8++CILlZQ2f2n+OvVmGyqMaV+UFKTRSTx9/3eIAxBg4d0rjeZogs6hgHlfADvEGNmrEyUBDpnX9+uHnDtwAHQ=="
    },
    "react-navigation": {
      "version": "4.0.10",
      "resolved": "https://registry.npmjs.org/react-navigation/-/react-navigation-4.0.10.tgz",
      "integrity": "sha512-7PqvmsdQ7HIyxPUMYbd9Uq//VoMdniEOLAOSvIhb/ExtbAt/1INSjUF+RiMWOMCWLTCNvNPRvTz7xy7qwWureg==",
      "requires": {
        "@react-navigation/core": "^3.5.1",
        "@react-navigation/native": "^3.6.2"
      }
    },
    "react-navigation-stack": {
      "version": "2.0.8",
      "resolved": "https://registry.npmjs.org/react-navigation-stack/-/react-navigation-stack-2.0.8.tgz",
      "integrity": "sha512-kTPJqm8U0EbY7EqNDbBdm4RrNTiAFkmoA2EKT63BV+Y4iqxkhuM81PdnA/qn/D+Yfdq8hdJPJd22MH/KN6Rq4g==",
      "requires": {
        "color": "^3.1.2",
        "react-native-iphone-x-helper": "^1.2.1"
      }
    },
    "simple-swizzle": {
      "version": "0.2.2",
      "resolved": "https://registry.npmjs.org/simple-swizzle/-/simple-swizzle-0.2.2.tgz",
      "integrity": "sha1-pNprY1/8zMoz9w0Xy5JZLeleVXo=",
      "requires": {
        "is-arrayish": "^0.3.1"
      },
      "dependencies": {
        "is-arrayish": {
          "version": "0.3.2",
          "resolved": "https://registry.npmjs.org/is-arrayish/-/is-arrayish-0.3.2.tgz",
          "integrity": "sha512-eVRqCvVlZbuw3GrM63ovNSNAeA1K16kaR/LRY/92w0zxQ5/1YzwblUX652i4Xs9RwAGjW9d9y6X88t8OaAJfWQ=="
        }
      }
    },
    "split-on-first": {
      "version": "1.1.0",
      "resolved": "https://registry.npmjs.org/split-on-first/-/split-on-first-1.1.0.tgz",
      "integrity": "sha512-43ZssAJaMusuKWL8sKUBQXHWOpq8d6CfN/u1p4gUzfJkM05C8rxTmYrkIPTXapZpORA6LkkzcUulJ8FqA7Uudw=="
    },
    "strict-uri-encode": {
      "version": "2.0.0",
      "resolved": "https://registry.npmjs.org/strict-uri-encode/-/strict-uri-encode-2.0.0.tgz",
      "integrity": "sha1-ucczDHBChi9rFC3CdLvMWGbONUY="
    },
    "tiny-queue": {
      "version": "0.2.1",
      "resolved": "https://registry.npmjs.org/tiny-queue/-/tiny-queue-0.2.1.tgz",
      "integrity": "sha1-JaZ/LG4lOyypQZd7XvdELvl6YEY="
    }
  }
}
